{
  "version": 4,
  "terraform_version": "1.13.2",
  "serial": 87,
  "lineage": "f7524cc5-0a4b-572f-46c3-7d1d6d78f9d1",
  "outputs": {
    "api_base_url": {
      "value": "https://ppmwk43jh0.execute-api.us-west-2.amazonaws.com",
      "type": "string"
    },
    "output_bucket_name": {
      "value": "bayassist-output",
      "type": "string"
    }
  },
  "resources": [
    {
      "mode": "data",
      "type": "aws_iam_policy_document",
      "name": "lambda_assume",
      "provider": "provider[\"registry.terraform.io/hashicorp/aws\"]",
      "instances": [
        {
          "schema_version": 0,
          "attributes": {
            "id": "2690255455",
            "json": "{\n  \"Version\": \"2012-10-17\",\n  \"Statement\": [\n    {\n      \"Effect\": \"Allow\",\n      \"Action\": \"sts:AssumeRole\",\n      \"Principal\": {\n        \"Service\": \"lambda.amazonaws.com\"\n      }\n    }\n  ]\n}",
            "minified_json": "{\"Version\":\"2012-10-17\",\"Statement\":[{\"Effect\":\"Allow\",\"Action\":\"sts:AssumeRole\",\"Principal\":{\"Service\":\"lambda.amazonaws.com\"}}]}",
            "override_json": null,
            "override_policy_documents": null,
            "policy_id": null,
            "source_json": null,
            "source_policy_documents": null,
            "statement": [
              {
                "actions": [
                  "sts:AssumeRole"
                ],
                "condition": [],
                "effect": "Allow",
                "not_actions": [],
                "not_principals": [],
                "not_resources": [],
                "principals": [
                  {
                    "identifiers": [
                      "lambda.amazonaws.com"
                    ],
                    "type": "Service"
                  }
                ],
                "resources": [],
                "sid": ""
              }
            ],
            "version": "2012-10-17"
          },
          "sensitive_attributes": [],
          "identity_schema_version": 0
        }
      ]
    },
    {
      "mode": "data",
      "type": "aws_iam_policy_document",
      "name": "lambda_policy_doc",
      "provider": "provider[\"registry.terraform.io/hashicorp/aws\"]",
      "instances": [
        {
          "schema_version": 0,
          "attributes": {
            "id": "932377763",
            "json": "{\n  \"Version\": \"2012-10-17\",\n  \"Statement\": [\n    {\n      \"Effect\": \"Allow\",\n      \"Action\": [\n        \"logs:PutLogEvents\",\n        \"logs:CreateLogStream\",\n        \"logs:CreateLogGroup\"\n      ],\n      \"Resource\": \"*\"\n    },\n    {\n      \"Effect\": \"Allow\",\n      \"Action\": [\n        \"s3:PutObject\",\n        \"s3:GetObject\"\n      ],\n      \"Resource\": [\n        \"arn:aws:s3:::bayassist-output/*\",\n        \"arn:aws:s3:::bayassist-input/*\"\n      ]\n    },\n    {\n      \"Effect\": \"Allow\",\n      \"Action\": [\n        \"dynamodb:UpdateItem\",\n        \"dynamodb:Scan\",\n        \"dynamodb:PutItem\",\n        \"dynamodb:GetItem\"\n      ],\n      \"Resource\": \"arn:aws:dynamodb:us-west-2:277374794397:table/bayassist-jobs\"\n    },\n    {\n      \"Effect\": \"Allow\",\n      \"Action\": \"states:StartExecution\",\n      \"Resource\": \"*\"\n    },\n    {\n      \"Effect\": \"Allow\",\n      \"Action\": [\n        \"bedrock:InvokeModelWithResponseStream\",\n        \"bedrock:InvokeModel\"\n      ],\n      \"Resource\": \"*\"\n    }\n  ]\n}",
            "minified_json": "{\"Version\":\"2012-10-17\",\"Statement\":[{\"Effect\":\"Allow\",\"Action\":[\"logs:PutLogEvents\",\"logs:CreateLogStream\",\"logs:CreateLogGroup\"],\"Resource\":\"*\"},{\"Effect\":\"Allow\",\"Action\":[\"s3:PutObject\",\"s3:GetObject\"],\"Resource\":[\"arn:aws:s3:::bayassist-output/*\",\"arn:aws:s3:::bayassist-input/*\"]},{\"Effect\":\"Allow\",\"Action\":[\"dynamodb:UpdateItem\",\"dynamodb:Scan\",\"dynamodb:PutItem\",\"dynamodb:GetItem\"],\"Resource\":\"arn:aws:dynamodb:us-west-2:277374794397:table/bayassist-jobs\"},{\"Effect\":\"Allow\",\"Action\":\"states:StartExecution\",\"Resource\":\"*\"},{\"Effect\":\"Allow\",\"Action\":[\"bedrock:InvokeModelWithResponseStream\",\"bedrock:InvokeModel\"],\"Resource\":\"*\"}]}",
            "override_json": null,
            "override_policy_documents": null,
            "policy_id": null,
            "source_json": null,
            "source_policy_documents": null,
            "statement": [
              {
                "actions": [
                  "logs:CreateLogGroup",
                  "logs:CreateLogStream",
                  "logs:PutLogEvents"
                ],
                "condition": [],
                "effect": "Allow",
                "not_actions": [],
                "not_principals": [],
                "not_resources": [],
                "principals": [],
                "resources": [
                  "*"
                ],
                "sid": ""
              },
              {
                "actions": [
                  "s3:GetObject",
                  "s3:PutObject"
                ],
                "condition": [],
                "effect": "Allow",
                "not_actions": [],
                "not_principals": [],
                "not_resources": [],
                "principals": [],
                "resources": [
                  "arn:aws:s3:::bayassist-input/*",
                  "arn:aws:s3:::bayassist-output/*"
                ],
                "sid": ""
              },
              {
                "actions": [
                  "dynamodb:GetItem",
                  "dynamodb:PutItem",
                  "dynamodb:Scan",
                  "dynamodb:UpdateItem"
                ],
                "condition": [],
                "effect": "Allow",
                "not_actions": [],
                "not_principals": [],
                "not_resources": [],
                "principals": [],
                "resources": [
                  "arn:aws:dynamodb:us-west-2:277374794397:table/bayassist-jobs"
                ],
                "sid": ""
              },
              {
                "actions": [
                  "states:StartExecution"
                ],
                "condition": [],
                "effect": "Allow",
                "not_actions": [],
                "not_principals": [],
                "not_resources": [],
                "principals": [],
                "resources": [
                  "*"
                ],
                "sid": ""
              },
              {
                "actions": [
                  "bedrock:InvokeModel",
                  "bedrock:InvokeModelWithResponseStream"
                ],
                "condition": [],
                "effect": "Allow",
                "not_actions": [],
                "not_principals": [],
                "not_resources": [],
                "principals": [],
                "resources": [
                  "*"
                ],
                "sid": ""
              }
            ],
            "version": "2012-10-17"
          },
          "sensitive_attributes": [],
          "identity_schema_version": 0
        }
      ]
    },
    {
      "mode": "data",
      "type": "aws_iam_policy_document",
      "name": "sf_assume",
      "provider": "provider[\"registry.terraform.io/hashicorp/aws\"]",
      "instances": [
        {
          "schema_version": 0,
          "attributes": {
            "id": "4022981484",
            "json": "{\n  \"Version\": \"2012-10-17\",\n  \"Statement\": [\n    {\n      \"Effect\": \"Allow\",\n      \"Action\": \"sts:AssumeRole\",\n      \"Principal\": {\n        \"Service\": \"states.amazonaws.com\"\n      }\n    }\n  ]\n}",
            "minified_json": "{\"Version\":\"2012-10-17\",\"Statement\":[{\"Effect\":\"Allow\",\"Action\":\"sts:AssumeRole\",\"Principal\":{\"Service\":\"states.amazonaws.com\"}}]}",
            "override_json": null,
            "override_policy_documents": null,
            "policy_id": null,
            "source_json": null,
            "source_policy_documents": null,
            "statement": [
              {
                "actions": [
                  "sts:AssumeRole"
                ],
                "condition": [],
                "effect": "Allow",
                "not_actions": [],
                "not_principals": [],
                "not_resources": [],
                "principals": [
                  {
                    "identifiers": [
                      "states.amazonaws.com"
                    ],
                    "type": "Service"
                  }
                ],
                "resources": [],
                "sid": ""
              }
            ],
            "version": "2012-10-17"
          },
          "sensitive_attributes": [],
          "identity_schema_version": 0
        }
      ]
    },
    {
      "mode": "data",
      "type": "aws_iam_policy_document",
      "name": "sf_permissions",
      "provider": "provider[\"registry.terraform.io/hashicorp/aws\"]",
      "instances": [
        {
          "schema_version": 0,
          "attributes": {
            "id": "582401125",
            "json": "{\n  \"Version\": \"2012-10-17\",\n  \"Statement\": [\n    {\n      \"Effect\": \"Allow\",\n      \"Action\": \"lambda:InvokeFunction\",\n      \"Resource\": [\n        \"arn:aws:lambda:us-west-2:277374794397:function:bayassist-preprocessor\",\n        \"arn:aws:lambda:us-west-2:277374794397:function:bayassist-pdf\",\n        \"arn:aws:lambda:us-west-2:277374794397:function:bayassist-document\",\n        \"arn:aws:lambda:us-west-2:277374794397:function:bayassist-diagram\",\n        \"arn:aws:lambda:us-west-2:277374794397:function:bayassist-confluence-export\",\n        \"arn:aws:lambda:us-west-2:277374794397:function:bayassist-arc-ppt\"\n      ]\n    },\n    {\n      \"Effect\": \"Allow\",\n      \"Action\": \"logs:*\",\n      \"Resource\": \"*\"\n    }\n  ]\n}",
            "minified_json": "{\"Version\":\"2012-10-17\",\"Statement\":[{\"Effect\":\"Allow\",\"Action\":\"lambda:InvokeFunction\",\"Resource\":[\"arn:aws:lambda:us-west-2:277374794397:function:bayassist-preprocessor\",\"arn:aws:lambda:us-west-2:277374794397:function:bayassist-pdf\",\"arn:aws:lambda:us-west-2:277374794397:function:bayassist-document\",\"arn:aws:lambda:us-west-2:277374794397:function:bayassist-diagram\",\"arn:aws:lambda:us-west-2:277374794397:function:bayassist-confluence-export\",\"arn:aws:lambda:us-west-2:277374794397:function:bayassist-arc-ppt\"]},{\"Effect\":\"Allow\",\"Action\":\"logs:*\",\"Resource\":\"*\"}]}",
            "override_json": null,
            "override_policy_documents": null,
            "policy_id": null,
            "source_json": null,
            "source_policy_documents": null,
            "statement": [
              {
                "actions": [
                  "lambda:InvokeFunction"
                ],
                "condition": [],
                "effect": "Allow",
                "not_actions": [],
                "not_principals": [],
                "not_resources": [],
                "principals": [],
                "resources": [
                  "arn:aws:lambda:us-west-2:277374794397:function:bayassist-arc-ppt",
                  "arn:aws:lambda:us-west-2:277374794397:function:bayassist-confluence-export",
                  "arn:aws:lambda:us-west-2:277374794397:function:bayassist-diagram",
                  "arn:aws:lambda:us-west-2:277374794397:function:bayassist-document",
                  "arn:aws:lambda:us-west-2:277374794397:function:bayassist-pdf",
                  "arn:aws:lambda:us-west-2:277374794397:function:bayassist-preprocessor"
                ],
                "sid": ""
              },
              {
                "actions": [
                  "logs:*"
                ],
                "condition": [],
                "effect": "Allow",
                "not_actions": [],
                "not_principals": [],
                "not_resources": [],
                "principals": [],
                "resources": [
                  "*"
                ],
                "sid": ""
              }
            ],
            "version": "2012-10-17"
          },
          "sensitive_attributes": [],
          "identity_schema_version": 0
        }
      ]
    },
    {
      "mode": "managed",
      "type": "aws_apigatewayv2_api",
      "name": "http",
      "provider": "provider[\"registry.terraform.io/hashicorp/aws\"]",
      "instances": [
        {
          "schema_version": 0,
          "attributes": {
            "api_endpoint": "https://ppmwk43jh0.execute-api.us-west-2.amazonaws.com",
            "api_key_selection_expression": "$request.header.x-api-key",
            "arn": "arn:aws:apigateway:us-west-2::/apis/ppmwk43jh0",
            "body": null,
            "cors_configuration": [
              {
                "allow_credentials": false,
                "allow_headers": [
                  "authorization",
                  "content-type"
                ],
                "allow_methods": [
                  "GET",
                  "OPTIONS",
                  "POST"
                ],
                "allow_origins": [
                  "*"
                ],
                "expose_headers": [
                  "content-type"
                ],
                "max_age": 3600
              }
            ],
            "credentials_arn": null,
            "description": "",
            "disable_execute_api_endpoint": false,
            "execution_arn": "arn:aws:execute-api:us-west-2:277374794397:ppmwk43jh0",
            "fail_on_warnings": null,
            "id": "ppmwk43jh0",
            "ip_address_type": "ipv4",
            "name": "bayassist-http-api",
            "protocol_type": "HTTP",
            "route_key": null,
            "route_selection_expression": "$request.method $request.path",
            "tags": {},
            "tags_all": {},
            "target": null,
            "version": ""
          },
          "sensitive_attributes": [],
          "identity_schema_version": 0,
          "private": "bnVsbA=="
        }
      ]
    },
    {
      "mode": "managed",
      "type": "aws_apigatewayv2_integration",
      "name": "lambda",
      "provider": "provider[\"registry.terraform.io/hashicorp/aws\"]",
      "instances": [
        {
          "schema_version": 0,
          "attributes": {
            "api_id": "ppmwk43jh0",
            "connection_id": "",
            "connection_type": "INTERNET",
            "content_handling_strategy": "",
            "credentials_arn": "",
            "description": "",
            "id": "3vzg3x1",
            "integration_method": "POST",
            "integration_response_selection_expression": "",
            "integration_subtype": "",
            "integration_type": "AWS_PROXY",
            "integration_uri": "arn:aws:lambda:us-west-2:277374794397:function:bayassist-api",
            "passthrough_behavior": "",
            "payload_format_version": "2.0",
            "request_parameters": {},
            "request_templates": {},
            "response_parameters": [],
            "template_selection_expression": "",
            "timeout_milliseconds": 30000,
            "tls_config": []
          },
          "sensitive_attributes": [],
          "identity_schema_version": 0,
          "private": "bnVsbA==",
          "dependencies": [
            "aws_apigatewayv2_api.http",
            "aws_dynamodb_table.jobs",
            "aws_iam_role.lambda_role",
            "aws_iam_role.sf_role",
            "aws_lambda_function.api",
            "aws_lambda_function.arc_ppt",
            "aws_lambda_function.confluence_exporter",
            "aws_lambda_function.diagram",
            "aws_lambda_function.document",
            "aws_lambda_function.pdf",
            "aws_lambda_function.preprocessor",
            "aws_s3_bucket.input",
            "aws_s3_bucket.output",
            "aws_sfn_state_machine.bayassist",
            "data.aws_iam_policy_document.lambda_assume",
            "data.aws_iam_policy_document.sf_assume"
          ]
        }
      ]
    },
    {
      "mode": "managed",
      "type": "aws_apigatewayv2_route",
      "name": "get_job",
      "provider": "provider[\"registry.terraform.io/hashicorp/aws\"]",
      "instances": [
        {
          "schema_version": 0,
          "attributes": {
            "api_id": "ppmwk43jh0",
            "api_key_required": false,
            "authorization_scopes": [],
            "authorization_type": "NONE",
            "authorizer_id": "",
            "id": "vnvxy18",
            "model_selection_expression": "",
            "operation_name": "",
            "request_models": {},
            "request_parameter": [],
            "route_key": "GET /jobs/{jobId}",
            "route_response_selection_expression": "",
            "target": "integrations/3vzg3x1"
          },
          "sensitive_attributes": [],
          "identity_schema_version": 0,
          "private": "bnVsbA==",
          "dependencies": [
            "aws_apigatewayv2_api.http",
            "aws_apigatewayv2_integration.lambda",
            "aws_dynamodb_table.jobs",
            "aws_iam_role.lambda_role",
            "aws_iam_role.sf_role",
            "aws_lambda_function.api",
            "aws_lambda_function.arc_ppt",
            "aws_lambda_function.confluence_exporter",
            "aws_lambda_function.diagram",
            "aws_lambda_function.document",
            "aws_lambda_function.pdf",
            "aws_lambda_function.preprocessor",
            "aws_s3_bucket.input",
            "aws_s3_bucket.output",
            "aws_sfn_state_machine.bayassist",
            "data.aws_iam_policy_document.lambda_assume",
            "data.aws_iam_policy_document.sf_assume"
          ]
        }
      ]
    },
    {
      "mode": "managed",
      "type": "aws_apigatewayv2_route",
      "name": "list_jobs",
      "provider": "provider[\"registry.terraform.io/hashicorp/aws\"]",
      "instances": [
        {
          "schema_version": 0,
          "attributes": {
            "api_id": "ppmwk43jh0",
            "api_key_required": false,
            "authorization_scopes": [],
            "authorization_type": "NONE",
            "authorizer_id": "",
            "id": "q904jdm",
            "model_selection_expression": "",
            "operation_name": "",
            "request_models": {},
            "request_parameter": [],
            "route_key": "GET /jobs",
            "route_response_selection_expression": "",
            "target": "integrations/3vzg3x1"
          },
          "sensitive_attributes": [],
          "identity_schema_version": 0,
          "private": "bnVsbA==",
          "dependencies": [
            "aws_apigatewayv2_api.http",
            "aws_apigatewayv2_integration.lambda",
            "aws_dynamodb_table.jobs",
            "aws_iam_role.lambda_role",
            "aws_iam_role.sf_role",
            "aws_lambda_function.api",
            "aws_lambda_function.arc_ppt",
            "aws_lambda_function.confluence_exporter",
            "aws_lambda_function.diagram",
            "aws_lambda_function.document",
            "aws_lambda_function.pdf",
            "aws_lambda_function.preprocessor",
            "aws_s3_bucket.input",
            "aws_s3_bucket.output",
            "aws_sfn_state_machine.bayassist",
            "data.aws_iam_policy_document.lambda_assume",
            "data.aws_iam_policy_document.sf_assume"
          ]
        }
      ]
    },
    {
      "mode": "managed",
      "type": "aws_apigatewayv2_route",
      "name": "post_generate_diagrams",
      "provider": "provider[\"registry.terraform.io/hashicorp/aws\"]",
      "instances": [
        {
          "schema_version": 0,
          "attributes": {
            "api_id": "ppmwk43jh0",
            "api_key_required": false,
            "authorization_scopes": [],
            "authorization_type": "NONE",
            "authorizer_id": "",
            "id": "3t1bzb1",
            "model_selection_expression": "",
            "operation_name": "",
            "request_models": {},
            "request_parameter": [],
            "route_key": "POST /generate/diagrams",
            "route_response_selection_expression": "",
            "target": "integrations/3vzg3x1"
          },
          "sensitive_attributes": [],
          "identity_schema_version": 0,
          "private": "bnVsbA==",
          "dependencies": [
            "aws_apigatewayv2_api.http",
            "aws_apigatewayv2_integration.lambda",
            "aws_dynamodb_table.jobs",
            "aws_iam_role.lambda_role",
            "aws_iam_role.sf_role",
            "aws_lambda_function.api",
            "aws_lambda_function.arc_ppt",
            "aws_lambda_function.confluence_exporter",
            "aws_lambda_function.diagram",
            "aws_lambda_function.document",
            "aws_lambda_function.pdf",
            "aws_lambda_function.preprocessor",
            "aws_s3_bucket.input",
            "aws_s3_bucket.output",
            "aws_sfn_state_machine.bayassist",
            "data.aws_iam_policy_document.lambda_assume",
            "data.aws_iam_policy_document.sf_assume"
          ]
        }
      ]
    },
    {
      "mode": "managed",
      "type": "aws_apigatewayv2_route",
      "name": "post_generate_document",
      "provider": "provider[\"registry.terraform.io/hashicorp/aws\"]",
      "instances": [
        {
          "schema_version": 0,
          "attributes": {
            "api_id": "ppmwk43jh0",
            "api_key_required": false,
            "authorization_scopes": [],
            "authorization_type": "NONE",
            "authorizer_id": "",
            "id": "alqeqqg",
            "model_selection_expression": "",
            "operation_name": "",
            "request_models": {},
            "request_parameter": [],
            "route_key": "POST /generate/document",
            "route_response_selection_expression": "",
            "target": "integrations/3vzg3x1"
          },
          "sensitive_attributes": [],
          "identity_schema_version": 0,
          "private": "bnVsbA==",
          "dependencies": [
            "aws_apigatewayv2_api.http",
            "aws_apigatewayv2_integration.lambda",
            "aws_dynamodb_table.jobs",
            "aws_iam_role.lambda_role",
            "aws_iam_role.sf_role",
            "aws_lambda_function.api",
            "aws_lambda_function.arc_ppt",
            "aws_lambda_function.confluence_exporter",
            "aws_lambda_function.diagram",
            "aws_lambda_function.document",
            "aws_lambda_function.pdf",
            "aws_lambda_function.preprocessor",
            "aws_s3_bucket.input",
            "aws_s3_bucket.output",
            "aws_sfn_state_machine.bayassist",
            "data.aws_iam_policy_document.lambda_assume",
            "data.aws_iam_policy_document.sf_assume"
          ]
        }
      ]
    },
    {
      "mode": "managed",
      "type": "aws_apigatewayv2_stage",
      "name": "default",
      "provider": "provider[\"registry.terraform.io/hashicorp/aws\"]",
      "instances": [
        {
          "schema_version": 0,
          "attributes": {
            "access_log_settings": [],
            "api_id": "ppmwk43jh0",
            "arn": "arn:aws:apigateway:us-west-2::/apis/ppmwk43jh0/stages/$default",
            "auto_deploy": true,
            "client_certificate_id": "",
            "default_route_settings": [
              {
                "data_trace_enabled": false,
                "detailed_metrics_enabled": false,
                "logging_level": "",
                "throttling_burst_limit": 0,
                "throttling_rate_limit": 0
              }
            ],
            "deployment_id": "cotarp",
            "description": "",
            "execution_arn": "arn:aws:execute-api:us-west-2:277374794397:ppmwk43jh0/$default",
            "id": "$default",
            "invoke_url": "https://ppmwk43jh0.execute-api.us-west-2.amazonaws.com/",
            "name": "$default",
            "route_settings": [],
            "stage_variables": {},
            "tags": {},
            "tags_all": {}
          },
          "sensitive_attributes": [],
          "identity_schema_version": 0,
          "private": "bnVsbA==",
          "dependencies": [
            "aws_apigatewayv2_api.http"
          ]
        }
      ]
    },
    {
      "mode": "managed",
      "type": "aws_dynamodb_table",
      "name": "jobs",
      "provider": "provider[\"registry.terraform.io/hashicorp/aws\"]",
      "instances": [
        {
          "schema_version": 1,
          "attributes": {
            "arn": "arn:aws:dynamodb:us-west-2:277374794397:table/bayassist-jobs",
            "attribute": [
              {
                "name": "job_id",
                "type": "S"
              }
            ],
            "billing_mode": "PAY_PER_REQUEST",
            "deletion_protection_enabled": false,
            "global_secondary_index": [],
            "hash_key": "job_id",
            "id": "bayassist-jobs",
            "import_table": [],
            "local_secondary_index": [],
            "name": "bayassist-jobs",
            "on_demand_throughput": [],
            "point_in_time_recovery": [
              {
                "enabled": false,
                "recovery_period_in_days": 0
              }
            ],
            "range_key": null,
            "read_capacity": 0,
            "replica": [],
            "restore_date_time": null,
            "restore_source_name": null,
            "restore_source_table_arn": null,
            "restore_to_latest_time": null,
            "server_side_encryption": [],
            "stream_arn": "",
            "stream_enabled": false,
            "stream_label": "",
            "stream_view_type": "",
            "table_class": "STANDARD",
            "tags": {
              "Env": "prod",
              "Owner": "BayAreaLa8s",
              "Project": "bayassist"
            },
            "tags_all": {
              "Env": "prod",
              "Owner": "BayAreaLa8s",
              "Project": "bayassist"
            },
            "timeouts": null,
            "ttl": [
              {
                "attribute_name": "",
                "enabled": false
              }
            ],
            "write_capacity": 0
          },
          "sensitive_attributes": [],
          "identity_schema_version": 0,
          "private": "eyJlMmJmYjczMC1lY2FhLTExZTYtOGY4OC0zNDM2M2JjN2M0YzAiOnsiY3JlYXRlIjoxODAwMDAwMDAwMDAwLCJkZWxldGUiOjYwMDAwMDAwMDAwMCwidXBkYXRlIjozNjAwMDAwMDAwMDAwfSwic2NoZW1hX3ZlcnNpb24iOiIxIn0="
        }
      ]
    },
    {
      "mode": "managed",
      "type": "aws_iam_policy",
      "name": "lambda_policy",
      "provider": "provider[\"registry.terraform.io/hashicorp/aws\"]",
      "instances": [
        {
          "schema_version": 0,
          "attributes": {
            "arn": "arn:aws:iam::277374794397:policy/bayassist-lambda-policy",
            "attachment_count": 1,
            "description": "",
            "id": "arn:aws:iam::277374794397:policy/bayassist-lambda-policy",
            "name": "bayassist-lambda-policy",
            "name_prefix": "",
            "path": "/",
            "policy": "{\"Statement\":[{\"Action\":[\"logs:PutLogEvents\",\"logs:CreateLogStream\",\"logs:CreateLogGroup\"],\"Effect\":\"Allow\",\"Resource\":\"*\"},{\"Action\":[\"s3:PutObject\",\"s3:GetObject\"],\"Effect\":\"Allow\",\"Resource\":[\"arn:aws:s3:::bayassist-output/*\",\"arn:aws:s3:::bayassist-input/*\"]},{\"Action\":[\"dynamodb:UpdateItem\",\"dynamodb:Scan\",\"dynamodb:PutItem\",\"dynamodb:GetItem\"],\"Effect\":\"Allow\",\"Resource\":\"arn:aws:dynamodb:us-west-2:277374794397:table/bayassist-jobs\"},{\"Action\":\"states:StartExecution\",\"Effect\":\"Allow\",\"Resource\":\"*\"},{\"Action\":[\"bedrock:InvokeModelWithResponseStream\",\"bedrock:InvokeModel\"],\"Effect\":\"Allow\",\"Resource\":\"*\"}],\"Version\":\"2012-10-17\"}",
            "policy_id": "ANPAUBFGTPKOUHAI7O7GC",
            "tags": {},
            "tags_all": {}
          },
          "sensitive_attributes": [],
          "identity_schema_version": 0,
          "private": "bnVsbA==",
          "dependencies": [
            "aws_dynamodb_table.jobs",
            "aws_s3_bucket.input",
            "aws_s3_bucket.output",
            "data.aws_iam_policy_document.lambda_policy_doc"
          ]
        }
      ]
    },
    {
      "mode": "managed",
      "type": "aws_iam_policy",
      "name": "sf_policy",
      "provider": "provider[\"registry.terraform.io/hashicorp/aws\"]",
      "instances": [
        {
          "schema_version": 0,
          "attributes": {
            "arn": "arn:aws:iam::277374794397:policy/bayassist-sf-policy",
            "attachment_count": 1,
            "description": "",
            "id": "arn:aws:iam::277374794397:policy/bayassist-sf-policy",
            "name": "bayassist-sf-policy",
            "name_prefix": "",
            "path": "/",
            "policy": "{\"Statement\":[{\"Action\":\"lambda:InvokeFunction\",\"Effect\":\"Allow\",\"Resource\":[\"arn:aws:lambda:us-west-2:277374794397:function:bayassist-preprocessor\",\"arn:aws:lambda:us-west-2:277374794397:function:bayassist-pdf\",\"arn:aws:lambda:us-west-2:277374794397:function:bayassist-document\",\"arn:aws:lambda:us-west-2:277374794397:function:bayassist-diagram\",\"arn:aws:lambda:us-west-2:277374794397:function:bayassist-confluence-export\",\"arn:aws:lambda:us-west-2:277374794397:function:bayassist-arc-ppt\"]},{\"Action\":\"logs:*\",\"Effect\":\"Allow\",\"Resource\":\"*\"}],\"Version\":\"2012-10-17\"}",
            "policy_id": "ANPAUBFGTPKOSN7WFP2U5",
            "tags": {},
            "tags_all": {}
          },
          "sensitive_attributes": [],
          "identity_schema_version": 0,
          "private": "bnVsbA==",
          "dependencies": [
            "aws_dynamodb_table.jobs",
            "aws_iam_role.lambda_role",
            "aws_lambda_function.arc_ppt",
            "aws_lambda_function.confluence_exporter",
            "aws_lambda_function.diagram",
            "aws_lambda_function.document",
            "aws_lambda_function.pdf",
            "aws_lambda_function.preprocessor",
            "aws_s3_bucket.input",
            "aws_s3_bucket.output",
            "data.aws_iam_policy_document.lambda_assume",
            "data.aws_iam_policy_document.sf_permissions"
          ]
        }
      ]
    },
    {
      "mode": "managed",
      "type": "aws_iam_role",
      "name": "lambda_role",
      "provider": "provider[\"registry.terraform.io/hashicorp/aws\"]",
      "instances": [
        {
          "schema_version": 0,
          "attributes": {
            "arn": "arn:aws:iam::277374794397:role/bayassist-lambda-role",
            "assume_role_policy": "{\"Statement\":[{\"Action\":\"sts:AssumeRole\",\"Effect\":\"Allow\",\"Principal\":{\"Service\":\"lambda.amazonaws.com\"}}],\"Version\":\"2012-10-17\"}",
            "create_date": "2025-12-03T18:03:03Z",
            "description": "",
            "force_detach_policies": false,
            "id": "bayassist-lambda-role",
            "inline_policy": [],
            "managed_policy_arns": [
              "arn:aws:iam::277374794397:policy/bayassist-lambda-policy"
            ],
            "max_session_duration": 3600,
            "name": "bayassist-lambda-role",
            "name_prefix": "",
            "path": "/",
            "permissions_boundary": "",
            "tags": {},
            "tags_all": {},
            "unique_id": "AROAUBFGTPKO2RL43Y4QC"
          },
          "sensitive_attributes": [],
          "identity_schema_version": 0,
          "private": "bnVsbA==",
          "dependencies": [
            "data.aws_iam_policy_document.lambda_assume"
          ]
        }
      ]
    },
    {
      "mode": "managed",
      "type": "aws_iam_role",
      "name": "sf_role",
      "provider": "provider[\"registry.terraform.io/hashicorp/aws\"]",
      "instances": [
        {
          "schema_version": 0,
          "attributes": {
            "arn": "arn:aws:iam::277374794397:role/bayassist-sf-role",
            "assume_role_policy": "{\"Statement\":[{\"Action\":\"sts:AssumeRole\",\"Effect\":\"Allow\",\"Principal\":{\"Service\":\"states.amazonaws.com\"}}],\"Version\":\"2012-10-17\"}",
            "create_date": "2025-12-03T18:03:03Z",
            "description": "",
            "force_detach_policies": false,
            "id": "bayassist-sf-role",
            "inline_policy": [],
            "managed_policy_arns": [
              "arn:aws:iam::277374794397:policy/bayassist-sf-policy"
            ],
            "max_session_duration": 3600,
            "name": "bayassist-sf-role",
            "name_prefix": "",
            "path": "/",
            "permissions_boundary": "",
            "tags": {},
            "tags_all": {},
            "unique_id": "AROAUBFGTPKO2G6C4CW6H"
          },
          "sensitive_attributes": [],
          "identity_schema_version": 0,
          "private": "bnVsbA==",
          "dependencies": [
            "data.aws_iam_policy_document.sf_assume"
          ]
        }
      ]
    },
    {
      "mode": "managed",
      "type": "aws_iam_role_policy_attachment",
      "name": "lambda_attach",
      "provider": "provider[\"registry.terraform.io/hashicorp/aws\"]",
      "instances": [
        {
          "schema_version": 0,
          "attributes": {
            "id": "bayassist-lambda-role-20251203180311319400000001",
            "policy_arn": "arn:aws:iam::277374794397:policy/bayassist-lambda-policy",
            "role": "bayassist-lambda-role"
          },
          "sensitive_attributes": [],
          "identity_schema_version": 0,
          "private": "bnVsbA==",
          "dependencies": [
            "aws_dynamodb_table.jobs",
            "aws_iam_policy.lambda_policy",
            "aws_iam_role.lambda_role",
            "aws_s3_bucket.input",
            "aws_s3_bucket.output",
            "data.aws_iam_policy_document.lambda_assume",
            "data.aws_iam_policy_document.lambda_policy_doc"
          ]
        }
      ]
    },
    {
      "mode": "managed",
      "type": "aws_iam_role_policy_attachment",
      "name": "sf_attach",
      "provider": "provider[\"registry.terraform.io/hashicorp/aws\"]",
      "instances": [
        {
          "schema_version": 0,
          "attributes": {
            "id": "bayassist-sf-role-20251203181002153600000001",
            "policy_arn": "arn:aws:iam::277374794397:policy/bayassist-sf-policy",
            "role": "bayassist-sf-role"
          },
          "sensitive_attributes": [],
          "identity_schema_version": 0,
          "private": "bnVsbA==",
          "dependencies": [
            "aws_dynamodb_table.jobs",
            "aws_iam_policy.sf_policy",
            "aws_iam_role.lambda_role",
            "aws_iam_role.sf_role",
            "aws_lambda_function.arc_ppt",
            "aws_lambda_function.confluence_exporter",
            "aws_lambda_function.diagram",
            "aws_lambda_function.document",
            "aws_lambda_function.pdf",
            "aws_lambda_function.preprocessor",
            "aws_s3_bucket.input",
            "aws_s3_bucket.output",
            "data.aws_iam_policy_document.lambda_assume",
            "data.aws_iam_policy_document.sf_assume",
            "data.aws_iam_policy_document.sf_permissions"
          ]
        }
      ]
    },
    {
      "mode": "managed",
      "type": "aws_lambda_function",
      "name": "api",
      "provider": "provider[\"registry.terraform.io/hashicorp/aws\"]",
      "instances": [
        {
          "schema_version": 0,
          "attributes": {
            "architectures": [
              "x86_64"
            ],
            "arn": "arn:aws:lambda:us-west-2:277374794397:function:bayassist-api",
            "code_sha256": "B0x3yAt3O8JE/Ht43mrqeX5zeKDNVj4mP3gAai6E+lg=",
            "code_signing_config_arn": "",
            "dead_letter_config": [],
            "description": "",
            "environment": [
              {
                "variables": {
                  "INPUT_BUCKET": "bayassist-input",
                  "JOBS_TABLE": "bayassist-jobs",
                  "OUTPUT_BUCKET": "bayassist-output",
                  "STATE_MACHINE_ARN": "arn:aws:states:us-west-2:277374794397:stateMachine:bayassist-state-machine"
                }
              }
            ],
            "ephemeral_storage": [
              {
                "size": 512
              }
            ],
            "file_system_config": [],
            "filename": "./../backend/dist/api.zip",
            "function_name": "bayassist-api",
            "handler": "api_handler.lambda_handler",
            "id": "bayassist-api",
            "image_config": [],
            "image_uri": "",
            "invoke_arn": "arn:aws:apigateway:us-west-2:lambda:path/2015-03-31/functions/arn:aws:lambda:us-west-2:277374794397:function:bayassist-api/invocations",
            "kms_key_arn": "",
            "last_modified": "2025-12-12T22:25:50.000+0000",
            "layers": [],
            "logging_config": [
              {
                "application_log_level": "",
                "log_format": "Text",
                "log_group": "/aws/lambda/bayassist-api",
                "system_log_level": ""
              }
            ],
            "memory_size": 128,
            "package_type": "Zip",
            "publish": false,
            "qualified_arn": "arn:aws:lambda:us-west-2:277374794397:function:bayassist-api:$LATEST",
            "qualified_invoke_arn": "arn:aws:apigateway:us-west-2:lambda:path/2015-03-31/functions/arn:aws:lambda:us-west-2:277374794397:function:bayassist-api:$LATEST/invocations",
            "replace_security_groups_on_destroy": null,
            "replacement_security_group_ids": null,
            "reserved_concurrent_executions": -1,
            "role": "arn:aws:iam::277374794397:role/bayassist-lambda-role",
            "runtime": "python3.11",
            "s3_bucket": null,
            "s3_key": null,
            "s3_object_version": null,
            "signing_job_arn": "",
            "signing_profile_version_arn": "",
            "skip_destroy": false,
            "snap_start": [],
            "source_code_hash": "B0x3yAt3O8JE/Ht43mrqeX5zeKDNVj4mP3gAai6E+lg=",
            "source_code_size": 39134800,
            "tags": {
              "Env": "prod",
              "Owner": "BayAreaLa8s",
              "Project": "bayassist"
            },
            "tags_all": {
              "Env": "prod",
              "Owner": "BayAreaLa8s",
              "Project": "bayassist"
            },
            "timeout": 30,
            "timeouts": null,
            "tracing_config": [
              {
                "mode": "PassThrough"
              }
            ],
            "version": "$LATEST",
            "vpc_config": []
          },
          "sensitive_attributes": [],
          "identity_schema_version": 0,
          "private": "eyJlMmJmYjczMC1lY2FhLTExZTYtOGY4OC0zNDM2M2JjN2M0YzAiOnsiY3JlYXRlIjo2MDAwMDAwMDAwMDAsImRlbGV0ZSI6NjAwMDAwMDAwMDAwLCJ1cGRhdGUiOjYwMDAwMDAwMDAwMH19",
          "dependencies": [
            "aws_dynamodb_table.jobs",
            "aws_iam_role.lambda_role",
            "aws_iam_role.sf_role",
            "aws_lambda_function.arc_ppt",
            "aws_lambda_function.confluence_exporter",
            "aws_lambda_function.diagram",
            "aws_lambda_function.document",
            "aws_lambda_function.pdf",
            "aws_lambda_function.preprocessor",
            "aws_s3_bucket.input",
            "aws_s3_bucket.output",
            "aws_sfn_state_machine.bayassist",
            "data.aws_iam_policy_document.lambda_assume",
            "data.aws_iam_policy_document.sf_assume"
          ]
        }
      ]
    },
    {
      "mode": "managed",
      "type": "aws_lambda_function",
      "name": "arc_ppt",
      "provider": "provider[\"registry.terraform.io/hashicorp/aws\"]",
      "instances": [
        {
          "schema_version": 0,
          "attributes": {
            "architectures": [
              "x86_64"
            ],
            "arn": "arn:aws:lambda:us-west-2:277374794397:function:bayassist-arc-ppt",
            "code_sha256": "wLiCwoWWQpbD8vTRIvf36WpZfrq/z7jtZq16A9XPr4w=",
            "code_signing_config_arn": "",
            "dead_letter_config": [],
            "description": "",
            "environment": [
              {
                "variables": {
                  "JOBS_TABLE": "bayassist-jobs",
                  "OUTPUT_BUCKET": "bayassist-output"
                }
              }
            ],
            "ephemeral_storage": [
              {
                "size": 512
              }
            ],
            "file_system_config": [],
            "filename": "./../backend/dist/arc_ppt.zip",
            "function_name": "bayassist-arc-ppt",
            "handler": "arc_ppt_lambda.lambda_handler",
            "id": "bayassist-arc-ppt",
            "image_config": [],
            "image_uri": "",
            "invoke_arn": "arn:aws:apigateway:us-west-2:lambda:path/2015-03-31/functions/arn:aws:lambda:us-west-2:277374794397:function:bayassist-arc-ppt/invocations",
            "kms_key_arn": "",
            "last_modified": "2025-12-12T22:24:38.000+0000",
            "layers": [],
            "logging_config": [
              {
                "application_log_level": "",
                "log_format": "Text",
                "log_group": "/aws/lambda/bayassist-arc-ppt",
                "system_log_level": ""
              }
            ],
            "memory_size": 128,
            "package_type": "Zip",
            "publish": false,
            "qualified_arn": "arn:aws:lambda:us-west-2:277374794397:function:bayassist-arc-ppt:$LATEST",
            "qualified_invoke_arn": "arn:aws:apigateway:us-west-2:lambda:path/2015-03-31/functions/arn:aws:lambda:us-west-2:277374794397:function:bayassist-arc-ppt:$LATEST/invocations",
            "replace_security_groups_on_destroy": null,
            "replacement_security_group_ids": null,
            "reserved_concurrent_executions": -1,
            "role": "arn:aws:iam::277374794397:role/bayassist-lambda-role",
            "runtime": "python3.11",
            "s3_bucket": null,
            "s3_key": null,
            "s3_object_version": null,
            "signing_job_arn": "",
            "signing_profile_version_arn": "",
            "skip_destroy": false,
            "snap_start": [],
            "source_code_hash": "wLiCwoWWQpbD8vTRIvf36WpZfrq/z7jtZq16A9XPr4w=",
            "source_code_size": 39134861,
            "tags": {
              "Env": "prod",
              "Owner": "BayAreaLa8s",
              "Project": "bayassist"
            },
            "tags_all": {
              "Env": "prod",
              "Owner": "BayAreaLa8s",
              "Project": "bayassist"
            },
            "timeout": 180,
            "timeouts": null,
            "tracing_config": [
              {
                "mode": "PassThrough"
              }
            ],
            "version": "$LATEST",
            "vpc_config": []
          },
          "sensitive_attributes": [],
          "identity_schema_version": 0,
          "private": "eyJlMmJmYjczMC1lY2FhLTExZTYtOGY4OC0zNDM2M2JjN2M0YzAiOnsiY3JlYXRlIjo2MDAwMDAwMDAwMDAsImRlbGV0ZSI6NjAwMDAwMDAwMDAwLCJ1cGRhdGUiOjYwMDAwMDAwMDAwMH19",
          "dependencies": [
            "aws_dynamodb_table.jobs",
            "aws_iam_role.lambda_role",
            "aws_s3_bucket.output",
            "data.aws_iam_policy_document.lambda_assume"
          ]
        }
      ]
    },
    {
      "mode": "managed",
      "type": "aws_lambda_function",
      "name": "confluence_exporter",
      "provider": "provider[\"registry.terraform.io/hashicorp/aws\"]",
      "instances": [
        {
          "schema_version": 0,
          "attributes": {
            "architectures": [
              "x86_64"
            ],
            "arn": "arn:aws:lambda:us-west-2:277374794397:function:bayassist-confluence-export",
            "code_sha256": "CqqFfSkmrpJq6ae29Gs82c4HSouhCu2trmeBLp8bO6k=",
            "code_signing_config_arn": "",
            "dead_letter_config": [],
            "description": "",
            "environment": [
              {
                "variables": {
                  "JOBS_TABLE": "bayassist-jobs",
                  "OUTPUT_BUCKET": "bayassist-output"
                }
              }
            ],
            "ephemeral_storage": [
              {
                "size": 512
              }
            ],
            "file_system_config": [],
            "filename": "./../backend/dist/confluence_exporter.zip",
            "function_name": "bayassist-confluence-export",
            "handler": "confluence_exporter_lambda.lambda_handler",
            "id": "bayassist-confluence-export",
            "image_config": [],
            "image_uri": "",
            "invoke_arn": "arn:aws:apigateway:us-west-2:lambda:path/2015-03-31/functions/arn:aws:lambda:us-west-2:277374794397:function:bayassist-confluence-export/invocations",
            "kms_key_arn": "",
            "last_modified": "2025-12-12T22:24:03.000+0000",
            "layers": [],
            "logging_config": [
              {
                "application_log_level": "",
                "log_format": "Text",
                "log_group": "/aws/lambda/bayassist-confluence-export",
                "system_log_level": ""
              }
            ],
            "memory_size": 128,
            "package_type": "Zip",
            "publish": false,
            "qualified_arn": "arn:aws:lambda:us-west-2:277374794397:function:bayassist-confluence-export:$LATEST",
            "qualified_invoke_arn": "arn:aws:apigateway:us-west-2:lambda:path/2015-03-31/functions/arn:aws:lambda:us-west-2:277374794397:function:bayassist-confluence-export:$LATEST/invocations",
            "replace_security_groups_on_destroy": null,
            "replacement_security_group_ids": null,
            "reserved_concurrent_executions": -1,
            "role": "arn:aws:iam::277374794397:role/bayassist-lambda-role",
            "runtime": "python3.11",
            "s3_bucket": null,
            "s3_key": null,
            "s3_object_version": null,
            "signing_job_arn": "",
            "signing_profile_version_arn": "",
            "skip_destroy": false,
            "snap_start": [],
            "source_code_hash": "CqqFfSkmrpJq6ae29Gs82c4HSouhCu2trmeBLp8bO6k=",
            "source_code_size": 39134459,
            "tags": {
              "Env": "prod",
              "Owner": "BayAreaLa8s",
              "Project": "bayassist"
            },
            "tags_all": {
              "Env": "prod",
              "Owner": "BayAreaLa8s",
              "Project": "bayassist"
            },
            "timeout": 180,
            "timeouts": null,
            "tracing_config": [
              {
                "mode": "PassThrough"
              }
            ],
            "version": "$LATEST",
            "vpc_config": []
          },
          "sensitive_attributes": [],
          "identity_schema_version": 0,
          "private": "eyJlMmJmYjczMC1lY2FhLTExZTYtOGY4OC0zNDM2M2JjN2M0YzAiOnsiY3JlYXRlIjo2MDAwMDAwMDAwMDAsImRlbGV0ZSI6NjAwMDAwMDAwMDAwLCJ1cGRhdGUiOjYwMDAwMDAwMDAwMH19",
          "dependencies": [
            "aws_dynamodb_table.jobs",
            "aws_iam_role.lambda_role",
            "aws_s3_bucket.output",
            "data.aws_iam_policy_document.lambda_assume"
          ]
        }
      ]
    },
    {
      "mode": "managed",
      "type": "aws_lambda_function",
      "name": "diagram",
      "provider": "provider[\"registry.terraform.io/hashicorp/aws\"]",
      "instances": [
        {
          "schema_version": 0,
          "attributes": {
            "architectures": [
              "x86_64"
            ],
            "arn": "arn:aws:lambda:us-west-2:277374794397:function:bayassist-diagram",
            "code_sha256": "nbnvDubj0y4zD++R4NZxFV9yasUQ7AjKRiPBjuo9LwA=",
            "code_signing_config_arn": "",
            "dead_letter_config": [],
            "description": "",
            "environment": [
              {
                "variables": {
                  "JOBS_TABLE": "bayassist-jobs",
                  "OUTPUT_BUCKET": "bayassist-output"
                }
              }
            ],
            "ephemeral_storage": [
              {
                "size": 512
              }
            ],
            "file_system_config": [],
            "filename": "./../backend/dist/diagram.zip",
            "function_name": "bayassist-diagram",
            "handler": "diagram_lambda.lambda_handler",
            "id": "bayassist-diagram",
            "image_config": [],
            "image_uri": "",
            "invoke_arn": "arn:aws:apigateway:us-west-2:lambda:path/2015-03-31/functions/arn:aws:lambda:us-west-2:277374794397:function:bayassist-diagram/invocations",
            "kms_key_arn": "",
            "last_modified": "2025-12-12T22:21:19.000+0000",
            "layers": [],
            "logging_config": [
              {
                "application_log_level": "",
                "log_format": "Text",
                "log_group": "/aws/lambda/bayassist-diagram",
                "system_log_level": ""
              }
            ],
            "memory_size": 128,
            "package_type": "Zip",
            "publish": false,
            "qualified_arn": "arn:aws:lambda:us-west-2:277374794397:function:bayassist-diagram:$LATEST",
            "qualified_invoke_arn": "arn:aws:apigateway:us-west-2:lambda:path/2015-03-31/functions/arn:aws:lambda:us-west-2:277374794397:function:bayassist-diagram:$LATEST/invocations",
            "replace_security_groups_on_destroy": null,
            "replacement_security_group_ids": null,
            "reserved_concurrent_executions": -1,
            "role": "arn:aws:iam::277374794397:role/bayassist-lambda-role",
            "runtime": "python3.11",
            "s3_bucket": null,
            "s3_key": null,
            "s3_object_version": null,
            "signing_job_arn": "",
            "signing_profile_version_arn": "",
            "skip_destroy": false,
            "snap_start": [],
            "source_code_hash": "nbnvDubj0y4zD++R4NZxFV9yasUQ7AjKRiPBjuo9LwA=",
            "source_code_size": 39134465,
            "tags": {
              "Env": "prod",
              "Owner": "BayAreaLa8s",
              "Project": "bayassist"
            },
            "tags_all": {
              "Env": "prod",
              "Owner": "BayAreaLa8s",
              "Project": "bayassist"
            },
            "timeout": 120,
            "timeouts": null,
            "tracing_config": [
              {
                "mode": "PassThrough"
              }
            ],
            "version": "$LATEST",
            "vpc_config": []
          },
          "sensitive_attributes": [],
          "identity_schema_version": 0,
          "private": "eyJlMmJmYjczMC1lY2FhLTExZTYtOGY4OC0zNDM2M2JjN2M0YzAiOnsiY3JlYXRlIjo2MDAwMDAwMDAwMDAsImRlbGV0ZSI6NjAwMDAwMDAwMDAwLCJ1cGRhdGUiOjYwMDAwMDAwMDAwMH19",
          "dependencies": [
            "aws_dynamodb_table.jobs",
            "aws_iam_role.lambda_role",
            "aws_s3_bucket.output",
            "data.aws_iam_policy_document.lambda_assume"
          ]
        }
      ]
    },
    {
      "mode": "managed",
      "type": "aws_lambda_function",
      "name": "document",
      "provider": "provider[\"registry.terraform.io/hashicorp/aws\"]",
      "instances": [
        {
          "schema_version": 0,
          "attributes": {
            "architectures": [
              "x86_64"
            ],
            "arn": "arn:aws:lambda:us-west-2:277374794397:function:bayassist-document",
            "code_sha256": "B29EPJQsUQUX2OLD7yxXsHbxAXAiFy895UtCjLkrXWg=",
            "code_signing_config_arn": "",
            "dead_letter_config": [],
            "description": "",
            "environment": [
              {
                "variables": {
                  "JOBS_TABLE": "bayassist-jobs",
                  "OUTPUT_BUCKET": "bayassist-output"
                }
              }
            ],
            "ephemeral_storage": [
              {
                "size": 512
              }
            ],
            "file_system_config": [],
            "filename": "./../backend/dist/document.zip",
            "function_name": "bayassist-document",
            "handler": "document_lambda.lambda_handler",
            "id": "bayassist-document",
            "image_config": [],
            "image_uri": "",
            "invoke_arn": "arn:aws:apigateway:us-west-2:lambda:path/2015-03-31/functions/arn:aws:lambda:us-west-2:277374794397:function:bayassist-document/invocations",
            "kms_key_arn": "",
            "last_modified": "2025-12-12T22:22:30.000+0000",
            "layers": [],
            "logging_config": [
              {
                "application_log_level": "",
                "log_format": "Text",
                "log_group": "/aws/lambda/bayassist-document",
                "system_log_level": ""
              }
            ],
            "memory_size": 128,
            "package_type": "Zip",
            "publish": false,
            "qualified_arn": "arn:aws:lambda:us-west-2:277374794397:function:bayassist-document:$LATEST",
            "qualified_invoke_arn": "arn:aws:apigateway:us-west-2:lambda:path/2015-03-31/functions/arn:aws:lambda:us-west-2:277374794397:function:bayassist-document:$LATEST/invocations",
            "replace_security_groups_on_destroy": null,
            "replacement_security_group_ids": null,
            "reserved_concurrent_executions": -1,
            "role": "arn:aws:iam::277374794397:role/bayassist-lambda-role",
            "runtime": "python3.11",
            "s3_bucket": null,
            "s3_key": null,
            "s3_object_version": null,
            "signing_job_arn": "",
            "signing_profile_version_arn": "",
            "skip_destroy": false,
            "snap_start": [],
            "source_code_hash": "B29EPJQsUQUX2OLD7yxXsHbxAXAiFy895UtCjLkrXWg=",
            "source_code_size": 39134550,
            "tags": {
              "Env": "prod",
              "Owner": "BayAreaLa8s",
              "Project": "bayassist"
            },
            "tags_all": {
              "Env": "prod",
              "Owner": "BayAreaLa8s",
              "Project": "bayassist"
            },
            "timeout": 180,
            "timeouts": null,
            "tracing_config": [
              {
                "mode": "PassThrough"
              }
            ],
            "version": "$LATEST",
            "vpc_config": []
          },
          "sensitive_attributes": [],
          "identity_schema_version": 0,
          "private": "eyJlMmJmYjczMC1lY2FhLTExZTYtOGY4OC0zNDM2M2JjN2M0YzAiOnsiY3JlYXRlIjo2MDAwMDAwMDAwMDAsImRlbGV0ZSI6NjAwMDAwMDAwMDAwLCJ1cGRhdGUiOjYwMDAwMDAwMDAwMH19",
          "dependencies": [
            "aws_dynamodb_table.jobs",
            "aws_iam_role.lambda_role",
            "aws_s3_bucket.output",
            "data.aws_iam_policy_document.lambda_assume"
          ]
        }
      ]
    },
    {
      "mode": "managed",
      "type": "aws_lambda_function",
      "name": "pdf",
      "provider": "provider[\"registry.terraform.io/hashicorp/aws\"]",
      "instances": [
        {
          "schema_version": 0,
          "attributes": {
            "architectures": [
              "x86_64"
            ],
            "arn": "arn:aws:lambda:us-west-2:277374794397:function:bayassist-pdf",
            "code_sha256": "2+qA+a94/KdwFIClNByYEeHMA3YJZqKDa1kMUV60sts=",
            "code_signing_config_arn": "",
            "dead_letter_config": [],
            "description": "",
            "environment": [
              {
                "variables": {
                  "JOBS_TABLE": "bayassist-jobs",
                  "OUTPUT_BUCKET": "bayassist-output"
                }
              }
            ],
            "ephemeral_storage": [
              {
                "size": 512
              }
            ],
            "file_system_config": [],
            "filename": "./../backend/dist/pdf.zip",
            "function_name": "bayassist-pdf",
            "handler": "pdf_lambda.lambda_handler",
            "id": "bayassist-pdf",
            "image_config": [],
            "image_uri": "",
            "invoke_arn": "arn:aws:apigateway:us-west-2:lambda:path/2015-03-31/functions/arn:aws:lambda:us-west-2:277374794397:function:bayassist-pdf/invocations",
            "kms_key_arn": "",
            "last_modified": "2025-12-12T22:23:05.000+0000",
            "layers": [],
            "logging_config": [
              {
                "application_log_level": "",
                "log_format": "Text",
                "log_group": "/aws/lambda/bayassist-pdf",
                "system_log_level": ""
              }
            ],
            "memory_size": 128,
            "package_type": "Zip",
            "publish": false,
            "qualified_arn": "arn:aws:lambda:us-west-2:277374794397:function:bayassist-pdf:$LATEST",
            "qualified_invoke_arn": "arn:aws:apigateway:us-west-2:lambda:path/2015-03-31/functions/arn:aws:lambda:us-west-2:277374794397:function:bayassist-pdf:$LATEST/invocations",
            "replace_security_groups_on_destroy": null,
            "replacement_security_group_ids": null,
            "reserved_concurrent_executions": -1,
            "role": "arn:aws:iam::277374794397:role/bayassist-lambda-role",
            "runtime": "python3.11",
            "s3_bucket": null,
            "s3_key": null,
            "s3_object_version": null,
            "signing_job_arn": "",
            "signing_profile_version_arn": "",
            "skip_destroy": false,
            "snap_start": [],
            "source_code_hash": "2+qA+a94/KdwFIClNByYEeHMA3YJZqKDa1kMUV60sts=",
            "source_code_size": 39134630,
            "tags": {
              "Env": "prod",
              "Owner": "BayAreaLa8s",
              "Project": "bayassist"
            },
            "tags_all": {
              "Env": "prod",
              "Owner": "BayAreaLa8s",
              "Project": "bayassist"
            },
            "timeout": 180,
            "timeouts": null,
            "tracing_config": [
              {
                "mode": "PassThrough"
              }
            ],
            "version": "$LATEST",
            "vpc_config": []
          },
          "sensitive_attributes": [],
          "identity_schema_version": 0,
          "private": "eyJlMmJmYjczMC1lY2FhLTExZTYtOGY4OC0zNDM2M2JjN2M0YzAiOnsiY3JlYXRlIjo2MDAwMDAwMDAwMDAsImRlbGV0ZSI6NjAwMDAwMDAwMDAwLCJ1cGRhdGUiOjYwMDAwMDAwMDAwMH19",
          "dependencies": [
            "aws_dynamodb_table.jobs",
            "aws_iam_role.lambda_role",
            "aws_s3_bucket.output",
            "data.aws_iam_policy_document.lambda_assume"
          ]
        }
      ]
    },
    {
      "mode": "managed",
      "type": "aws_lambda_function",
      "name": "preprocessor",
      "provider": "provider[\"registry.terraform.io/hashicorp/aws\"]",
      "instances": [
        {
          "schema_version": 0,
          "attributes": {
            "architectures": [
              "x86_64"
            ],
            "arn": "arn:aws:lambda:us-west-2:277374794397:function:bayassist-preprocessor",
            "code_sha256": "HNLo18O100Wh+WUIdc0XEPsJlIkfpUjbSVYeud4jSoI=",
            "code_signing_config_arn": "",
            "dead_letter_config": [],
            "description": "",
            "environment": [
              {
                "variables": {
                  "INPUT_BUCKET": "bayassist-input",
                  "JOBS_TABLE": "bayassist-jobs"
                }
              }
            ],
            "ephemeral_storage": [
              {
                "size": 512
              }
            ],
            "file_system_config": [],
            "filename": "./../backend/dist/preprocessor.zip",
            "function_name": "bayassist-preprocessor",
            "handler": "preprocessor_lambda.lambda_handler",
            "id": "bayassist-preprocessor",
            "image_config": [],
            "image_uri": "",
            "invoke_arn": "arn:aws:apigateway:us-west-2:lambda:path/2015-03-31/functions/arn:aws:lambda:us-west-2:277374794397:function:bayassist-preprocessor/invocations",
            "kms_key_arn": "",
            "last_modified": "2025-12-12T22:21:54.000+0000",
            "layers": [],
            "logging_config": [
              {
                "application_log_level": "",
                "log_format": "Text",
                "log_group": "/aws/lambda/bayassist-preprocessor",
                "system_log_level": ""
              }
            ],
            "memory_size": 128,
            "package_type": "Zip",
            "publish": false,
            "qualified_arn": "arn:aws:lambda:us-west-2:277374794397:function:bayassist-preprocessor:$LATEST",
            "qualified_invoke_arn": "arn:aws:apigateway:us-west-2:lambda:path/2015-03-31/functions/arn:aws:lambda:us-west-2:277374794397:function:bayassist-preprocessor:$LATEST/invocations",
            "replace_security_groups_on_destroy": null,
            "replacement_security_group_ids": null,
            "reserved_concurrent_executions": -1,
            "role": "arn:aws:iam::277374794397:role/bayassist-lambda-role",
            "runtime": "python3.11",
            "s3_bucket": null,
            "s3_key": null,
            "s3_object_version": null,
            "signing_job_arn": "",
            "signing_profile_version_arn": "",
            "skip_destroy": false,
            "snap_start": [],
            "source_code_hash": "HNLo18O100Wh+WUIdc0XEPsJlIkfpUjbSVYeud4jSoI=",
            "source_code_size": 39134433,
            "tags": {
              "Env": "prod",
              "Owner": "BayAreaLa8s",
              "Project": "bayassist"
            },
            "tags_all": {
              "Env": "prod",
              "Owner": "BayAreaLa8s",
              "Project": "bayassist"
            },
            "timeout": 60,
            "timeouts": null,
            "tracing_config": [
              {
                "mode": "PassThrough"
              }
            ],
            "version": "$LATEST",
            "vpc_config": []
          },
          "sensitive_attributes": [],
          "identity_schema_version": 0,
          "private": "eyJlMmJmYjczMC1lY2FhLTExZTYtOGY4OC0zNDM2M2JjN2M0YzAiOnsiY3JlYXRlIjo2MDAwMDAwMDAwMDAsImRlbGV0ZSI6NjAwMDAwMDAwMDAwLCJ1cGRhdGUiOjYwMDAwMDAwMDAwMH19",
          "dependencies": [
            "aws_dynamodb_table.jobs",
            "aws_iam_role.lambda_role",
            "aws_s3_bucket.input",
            "data.aws_iam_policy_document.lambda_assume"
          ]
        }
      ]
    },
    {
      "mode": "managed",
      "type": "aws_lambda_permission",
      "name": "apigw_invoke",
      "provider": "provider[\"registry.terraform.io/hashicorp/aws\"]",
      "instances": [
        {
          "schema_version": 0,
          "attributes": {
            "action": "lambda:InvokeFunction",
            "event_source_token": null,
            "function_name": "bayassist-api",
            "function_url_auth_type": null,
            "id": "AllowAPIGWInvoke",
            "principal": "apigateway.amazonaws.com",
            "principal_org_id": null,
            "qualifier": "",
            "source_account": null,
            "source_arn": "arn:aws:execute-api:us-west-2:277374794397:ppmwk43jh0/*/*",
            "statement_id": "AllowAPIGWInvoke",
            "statement_id_prefix": ""
          },
          "sensitive_attributes": [],
          "identity_schema_version": 0,
          "private": "bnVsbA==",
          "dependencies": [
            "aws_apigatewayv2_api.http",
            "aws_dynamodb_table.jobs",
            "aws_iam_role.lambda_role",
            "aws_iam_role.sf_role",
            "aws_lambda_function.api",
            "aws_lambda_function.arc_ppt",
            "aws_lambda_function.confluence_exporter",
            "aws_lambda_function.diagram",
            "aws_lambda_function.document",
            "aws_lambda_function.pdf",
            "aws_lambda_function.preprocessor",
            "aws_s3_bucket.input",
            "aws_s3_bucket.output",
            "aws_sfn_state_machine.bayassist",
            "data.aws_iam_policy_document.lambda_assume",
            "data.aws_iam_policy_document.sf_assume"
          ]
        }
      ]
    },
    {
      "mode": "managed",
      "type": "aws_s3_bucket",
      "name": "input",
      "provider": "provider[\"registry.terraform.io/hashicorp/aws\"]",
      "instances": [
        {
          "schema_version": 0,
          "attributes": {
            "acceleration_status": "",
            "acl": null,
            "arn": "arn:aws:s3:::bayassist-input",
            "bucket": "bayassist-input",
            "bucket_domain_name": "bayassist-input.s3.amazonaws.com",
            "bucket_prefix": "",
            "bucket_regional_domain_name": "bayassist-input.s3.us-west-2.amazonaws.com",
            "cors_rule": [],
            "force_destroy": false,
            "grant": [
              {
                "id": "231c3328f751c2c3fbf2ccef3463c9a3e9b5af9984d96218e632cbc50bf7b685",
                "permissions": [
                  "FULL_CONTROL"
                ],
                "type": "CanonicalUser",
                "uri": ""
              }
            ],
            "hosted_zone_id": "Z3BJ6K6RIION7M",
            "id": "bayassist-input",
            "lifecycle_rule": [],
            "logging": [],
            "object_lock_configuration": [],
            "object_lock_enabled": false,
            "policy": "",
            "region": "us-west-2",
            "replication_configuration": [],
            "request_payer": "BucketOwner",
            "server_side_encryption_configuration": [
              {
                "rule": [
                  {
                    "apply_server_side_encryption_by_default": [
                      {
                        "kms_master_key_id": "",
                        "sse_algorithm": "AES256"
                      }
                    ],
                    "bucket_key_enabled": false
                  }
                ]
              }
            ],
            "tags": {
              "Env": "prod",
              "Owner": "BayAreaLa8s",
              "Project": "bayassist"
            },
            "tags_all": {
              "Env": "prod",
              "Owner": "BayAreaLa8s",
              "Project": "bayassist"
            },
            "timeouts": null,
            "versioning": [
              {
                "enabled": false,
                "mfa_delete": false
              }
            ],
            "website": [],
            "website_domain": null,
            "website_endpoint": null
          },
          "sensitive_attributes": [],
          "identity_schema_version": 0,
          "private": "eyJlMmJmYjczMC1lY2FhLTExZTYtOGY4OC0zNDM2M2JjN2M0YzAiOnsiY3JlYXRlIjoxMjAwMDAwMDAwMDAwLCJkZWxldGUiOjM2MDAwMDAwMDAwMDAsInJlYWQiOjEyMDAwMDAwMDAwMDAsInVwZGF0ZSI6MTIwMDAwMDAwMDAwMH19"
        }
      ]
    },
    {
      "mode": "managed",
      "type": "aws_s3_bucket",
      "name": "output",
      "provider": "provider[\"registry.terraform.io/hashicorp/aws\"]",
      "instances": [
        {
          "schema_version": 0,
          "attributes": {
            "acceleration_status": "",
            "acl": null,
            "arn": "arn:aws:s3:::bayassist-output",
            "bucket": "bayassist-output",
            "bucket_domain_name": "bayassist-output.s3.amazonaws.com",
            "bucket_prefix": "",
            "bucket_regional_domain_name": "bayassist-output.s3.us-west-2.amazonaws.com",
            "cors_rule": [],
            "force_destroy": false,
            "grant": [
              {
                "id": "231c3328f751c2c3fbf2ccef3463c9a3e9b5af9984d96218e632cbc50bf7b685",
                "permissions": [
                  "FULL_CONTROL"
                ],
                "type": "CanonicalUser",
                "uri": ""
              }
            ],
            "hosted_zone_id": "Z3BJ6K6RIION7M",
            "id": "bayassist-output",
            "lifecycle_rule": [],
            "logging": [],
            "object_lock_configuration": [],
            "object_lock_enabled": false,
            "policy": "{\"Statement\":[{\"Action\":\"s3:GetObject\",\"Effect\":\"Allow\",\"Principal\":\"*\",\"Resource\":\"arn:aws:s3:::bayassist-output/outputs/*\",\"Sid\":\"AllowPublicReadOfOutputs\"}],\"Version\":\"2012-10-17\"}",
            "region": "us-west-2",
            "replication_configuration": [],
            "request_payer": "BucketOwner",
            "server_side_encryption_configuration": [
              {
                "rule": [
                  {
                    "apply_server_side_encryption_by_default": [
                      {
                        "kms_master_key_id": "",
                        "sse_algorithm": "AES256"
                      }
                    ],
                    "bucket_key_enabled": false
                  }
                ]
              }
            ],
            "tags": {
              "Env": "prod",
              "Owner": "BayAreaLa8s",
              "Project": "bayassist"
            },
            "tags_all": {
              "Env": "prod",
              "Owner": "BayAreaLa8s",
              "Project": "bayassist"
            },
            "timeouts": null,
            "versioning": [
              {
                "enabled": false,
                "mfa_delete": false
              }
            ],
            "website": [],
            "website_domain": null,
            "website_endpoint": null
          },
          "sensitive_attributes": [],
          "identity_schema_version": 0,
          "private": "eyJlMmJmYjczMC1lY2FhLTExZTYtOGY4OC0zNDM2M2JjN2M0YzAiOnsiY3JlYXRlIjoxMjAwMDAwMDAwMDAwLCJkZWxldGUiOjM2MDAwMDAwMDAwMDAsInJlYWQiOjEyMDAwMDAwMDAwMDAsInVwZGF0ZSI6MTIwMDAwMDAwMDAwMH19"
        }
      ]
    },
    {
      "mode": "managed",
      "type": "aws_s3_bucket_policy",
      "name": "output_public_read",
      "provider": "provider[\"registry.terraform.io/hashicorp/aws\"]",
      "instances": [
        {
          "schema_version": 0,
          "attributes": {
            "bucket": "bayassist-output",
            "id": "bayassist-output",
            "policy": "{\"Statement\":[{\"Action\":[\"s3:GetObject\"],\"Effect\":\"Allow\",\"Principal\":\"*\",\"Resource\":\"arn:aws:s3:::bayassist-output/outputs/*\",\"Sid\":\"AllowPublicReadOfOutputs\"}],\"Version\":\"2012-10-17\"}"
          },
          "sensitive_attributes": [],
          "identity_schema_version": 0,
          "private": "bnVsbA==",
          "dependencies": [
            "aws_s3_bucket.output"
          ]
        }
      ]
    },
    {
      "mode": "managed",
      "type": "aws_s3_bucket_public_access_block",
      "name": "input_pab",
      "provider": "provider[\"registry.terraform.io/hashicorp/aws\"]",
      "instances": [
        {
          "schema_version": 0,
          "attributes": {
            "block_public_acls": true,
            "block_public_policy": true,
            "bucket": "bayassist-input",
            "id": "bayassist-input",
            "ignore_public_acls": true,
            "restrict_public_buckets": true
          },
          "sensitive_attributes": [],
          "identity_schema_version": 0,
          "private": "bnVsbA==",
          "dependencies": [
            "aws_s3_bucket.input"
          ]
        }
      ]
    },
    {
      "mode": "managed",
      "type": "aws_s3_bucket_public_access_block",
      "name": "output_pab",
      "provider": "provider[\"registry.terraform.io/hashicorp/aws\"]",
      "instances": [
        {
          "schema_version": 0,
          "attributes": {
            "block_public_acls": true,
            "block_public_policy": false,
            "bucket": "bayassist-output",
            "id": "bayassist-output",
            "ignore_public_acls": true,
            "restrict_public_buckets": false
          },
          "sensitive_attributes": [],
          "identity_schema_version": 0,
          "private": "bnVsbA==",
          "dependencies": [
            "aws_s3_bucket.output"
          ]
        }
      ]
    },
    {
      "mode": "managed",
      "type": "aws_sfn_state_machine",
      "name": "bayassist",
      "provider": "provider[\"registry.terraform.io/hashicorp/aws\"]",
      "instances": [
        {
          "schema_version": 0,
          "attributes": {
            "arn": "arn:aws:states:us-west-2:277374794397:stateMachine:bayassist-state-machine",
            "creation_date": "2025-12-03T18:10:01Z",
            "definition": "{\"Comment\":\"BayAssist Architecture Generation Flow (Diagrams + Doc + PDF + ARC PPT + Confluence HTML)\",\"StartAt\":\"Preprocess\",\"States\":{\"GenerateArcPPT\":{\"InputPath\":\"$\",\"Next\":\"GenerateConfluenceHTML\",\"Resource\":\"arn:aws:lambda:us-west-2:277374794397:function:bayassist-arc-ppt\",\"ResultPath\":\"$.ppt\",\"Type\":\"Task\"},\"GenerateConfluenceHTML\":{\"End\":true,\"InputPath\":\"$\",\"Resource\":\"arn:aws:lambda:us-west-2:277374794397:function:bayassist-confluence-export\",\"ResultPath\":\"$\",\"Type\":\"Task\"},\"GenerateDiagrams\":{\"Next\":\"GenerateDocument\",\"Resource\":\"arn:aws:lambda:us-west-2:277374794397:function:bayassist-diagram\",\"ResultPath\":\"$\",\"Type\":\"Task\"},\"GenerateDocument\":{\"Next\":\"GeneratePDF\",\"Resource\":\"arn:aws:lambda:us-west-2:277374794397:function:bayassist-document\",\"ResultPath\":\"$\",\"Type\":\"Task\"},\"GeneratePDF\":{\"InputPath\":\"$\",\"Next\":\"GenerateArcPPT\",\"Resource\":\"arn:aws:lambda:us-west-2:277374794397:function:bayassist-pdf\",\"ResultPath\":\"$.pdf\",\"Type\":\"Task\"},\"Preprocess\":{\"InputPath\":\"$\",\"Next\":\"GenerateDiagrams\",\"Resource\":\"arn:aws:lambda:us-west-2:277374794397:function:bayassist-preprocessor\",\"ResultPath\":\"$\",\"Type\":\"Task\"}}}",
            "description": "",
            "encryption_configuration": [
              {
                "kms_data_key_reuse_period_seconds": 0,
                "kms_key_id": "",
                "type": "AWS_OWNED_KEY"
              }
            ],
            "id": "arn:aws:states:us-west-2:277374794397:stateMachine:bayassist-state-machine",
            "logging_configuration": [
              {
                "include_execution_data": false,
                "level": "OFF",
                "log_destination": ""
              }
            ],
            "name": "bayassist-state-machine",
            "name_prefix": "",
            "publish": false,
            "revision_id": "99a0f098-16c7-46f3-95be-fd61dc805f79",
            "role_arn": "arn:aws:iam::277374794397:role/bayassist-sf-role",
            "state_machine_version_arn": "",
            "status": "ACTIVE",
            "tags": {},
            "tags_all": {},
            "timeouts": null,
            "tracing_configuration": [
              {
                "enabled": false
              }
            ],
            "type": "STANDARD",
            "version_description": null
          },
          "sensitive_attributes": [],
          "identity_schema_version": 0,
          "private": "eyJlMmJmYjczMC1lY2FhLTExZTYtOGY4OC0zNDM2M2JjN2M0YzAiOnsiY3JlYXRlIjozMDAwMDAwMDAwMDAsImRlbGV0ZSI6MzAwMDAwMDAwMDAwLCJ1cGRhdGUiOjYwMDAwMDAwMDAwfX0=",
          "dependencies": [
            "aws_dynamodb_table.jobs",
            "aws_iam_role.lambda_role",
            "aws_iam_role.sf_role",
            "aws_lambda_function.arc_ppt",
            "aws_lambda_function.confluence_exporter",
            "aws_lambda_function.diagram",
            "aws_lambda_function.document",
            "aws_lambda_function.pdf",
            "aws_lambda_function.preprocessor",
            "aws_s3_bucket.input",
            "aws_s3_bucket.output",
            "data.aws_iam_policy_document.lambda_assume",
            "data.aws_iam_policy_document.sf_assume"
          ]
        }
      ]
    }
  ],
  "check_results": null
}
